Microsoft Visual Studio Solution File, Format Version 12.00
# Visual Studio Version 17
VisualStudioVersion = 17.5.2.0
MinimumVisualStudioVersion = 10.0.40219.1
Project("{2150E333-8FDC-42A3-9474-1A3956D46DE8}") = "container-images", "container-images", "{DE8534E5-9E17-D4BB-CA95-3B337CF0D183}"
EndProject
Project("{2150E333-8FDC-42A3-9474-1A3956D46DE8}") = "frontend", "frontend", "{7DD0779B-1EDF-0A5F-C3D4-00C3FC438A61}"
EndProject
Project("{FAE04EC0-301F-11D3-BF4B-00C04F79EFBC}") = "PetSpotR", "container-images\frontend\PetSpotR\PetSpotR.csproj", "{CEACCE5A-CE90-0BCF-AB1A-F828832BF4F5}"
EndProject
Global
	GlobalSection(SolutionConfigurationPlatforms) = preSolution
		Debug|Any CPU = Debug|Any CPU
		Release|Any CPU = Release|Any CPU
	EndGlobalSection
	GlobalSection(ProjectConfigurationPlatforms) = postSolution
		{CEACCE5A-CE90-0BCF-AB1A-F828832BF4F5}.Debug|Any CPU.ActiveCfg = Debug|Any CPU
		{CEACCE5A-CE90-0BCF-AB1A-F828832BF4F5}.Debug|Any CPU.Build.0 = Debug|Any CPU
		{CEACCE5A-CE90-0BCF-AB1A-F828832BF4F5}.Release|Any CPU.ActiveCfg = Release|Any CPU
		{CEACCE5A-CE90-0BCF-AB1A-F828832BF4F5}.Release|Any CPU.Build.0 = Release|Any CPU
	EndGlobalSection
	GlobalSection(SolutionProperties) = preSolution
		HideSolutionNode = FALSE
	EndGlobalSection
	GlobalSection(NestedProjects) = preSolution
		{7DD0779B-1EDF-0A5F-C3D4-00C3FC438A61} = {DE8534E5-9E17-D4BB-CA95-3B337CF0D183}
		{CEACCE5A-CE90-0BCF-AB1A-F828832BF4F5} = {7DD0779B-1EDF-0A5F-C3D4-00C3FC438A61}
	EndGlobalSection
	GlobalSection(ExtensibilityGlobals) = postSolution
		SolutionGuid = {4B731CC9-B274-4591-986B-36A2D4A7EA5C}
	EndGlobalSection
EndGlobal
